// !$*UTF8*$!
{
	archiveVersion = 1;
	classes = {
	};
	objectVersion = 77;
	objects = {

/* Begin PBXBuildFile section */
/* End PBXBuildFile section */

/* Begin PBXFileReference section */
		090690912903447E00BBA052 /* API */ = {isa = PBXFileReference; lastKnownFileType = wrapper; path = API; sourceTree = "<group>"; };
		096DB8242A4A32F3007066FD /* Zradelnik.entitlements */ = {isa = PBXFileReference; lastKnownFileType = text.plist.entitlements; path = Zradelnik.entitlements; sourceTree = "<group>"; };
		098BD2AC27FC8608006D9C7B /* Auth.graphql */ = {isa = PBXFileReference; indentWidth = 2; lastKnownFileType = text; path = Auth.graphql; sourceTree = "<group>"; tabWidth = 2; usesTabs = 0; };
		09A0682C2809F3120008563A /* Recipe.graphql */ = {isa = PBXFileReference; indentWidth = 2; lastKnownFileType = text; path = Recipe.graphql; sourceTree = "<group>"; tabWidth = 2; };
		09AE246B27F31C9200BC6208 /* Zradelnik.app */ = {isa = PBXFileReference; explicitFileType = wrapper.application; includeInIndex = 0; path = Zradelnik.app; sourceTree = BUILT_PRODUCTS_DIR; };
		09FE90E327FA4753005C6AE3 /* Development.xcconfig */ = {isa = PBXFileReference; fileEncoding = 4; lastKnownFileType = text.xcconfig; path = Development.xcconfig; sourceTree = "<group>"; };
		09FE90E427FA47D6005C6AE3 /* Production.xcconfig */ = {isa = PBXFileReference; fileEncoding = 4; lastKnownFileType = text.xcconfig; path = Production.xcconfig; sourceTree = "<group>"; };
		09FF048B2903354F009FA412 /* apollo-codegen-config.json */ = {isa = PBXFileReference; fileEncoding = 4; indentWidth = 2; lastKnownFileType = text.json; path = "apollo-codegen-config.json"; sourceTree = "<group>"; tabWidth = 2; };
		09FF048D29033919009FA412 /* schema.graphqls */ = {isa = PBXFileReference; fileEncoding = 4; lastKnownFileType = text; path = schema.graphqls; sourceTree = "<group>"; };
/* End PBXFileReference section */

/* Begin PBXFileSystemSynchronizedBuildFileExceptionSet section */
		09SYNCEXC000000000000001 /* Exceptions for "App" folder in "Zradelnik" target */ = {
			isa = PBXFileSystemSynchronizedBuildFileExceptionSet;
			membershipExceptions = (
				"Zradelnik-Info.plist",
			);
			target = 09AE246A27F31C9200BC6208 /* Zradelnik */;
		};
/* End PBXFileSystemSynchronizedBuildFileExceptionSet section */

/* Begin PBXFileSystemSynchronizedRootGroup section */
		09SYNCAPP000000000000001 /* App */ = {
			isa = PBXFileSystemSynchronizedRootGroup;
			exceptions = (
				09SYNCEXC000000000000001 /* Exceptions for "App" folder in "Zradelnik" target */,
			);
			path = App;
			sourceTree = "<group>";
		};
/* End PBXFileSystemSynchronizedRootGroup section */

/* Begin PBXFrameworksBuildPhase section */
		09AE246827F31C9200BC6208 /* Frameworks */ = {
			isa = PBXFrameworksBuildPhase;
			buildActionMask = 2147483647;
			files = (
				091815FA27FDF836003A2250 /* KeychainAccess in Frameworks */,
				09A06829280970A70008563A /* CachedAsyncImage in Frameworks */,
				0989F8E227F32CBA009CB6BD /* Apollo in Frameworks */,
				090690932903448800BBA052 /* API in Frameworks */,
				09DC1F9E27F9DED200F01BBC /* MarkdownUI in Frameworks */,
				09FE90E127FA36BD005C6AE3 /* ApolloSQLite in Frameworks */,
			);
			runOnlyForDeploymentPostprocessing = 0;
		};
/* End PBXFrameworksBuildPhase section */

/* Begin PBXGroup section */
		092DC68D27FC4CFB00A1B0D6 /* Configuration */ = {
			isa = PBXGroup;
			children = (
				09FE90E327FA4753005C6AE3 /* Development.xcconfig */,
				09FE90E427FA47D6005C6AE3 /* Production.xcconfig */,
			);
			path = Configuration;
			sourceTree = "<group>";
		};
		09AE246227F31C9200BC6208 = {
			isa = PBXGroup;
			children = (
				09SYNCAPP000000000000001 /* App */,
				09GQLGRP0000000000000001 /* GraphQL */,
				09FF048B2903354F009FA412 /* apollo-codegen-config.json */,
				096DB8242A4A32F3007066FD /* Zradelnik.entitlements */,
				09FF048F290339AB009FA412 /* Packages */,
				092DC68D27FC4CFB00A1B0D6 /* Configuration */,
				09AE246C27F31C9200BC6208 /* Products */,
				09FE90DF27FA36BD005C6AE3 /* Frameworks */,
			);
			sourceTree = "<group>";
		};
		09AE246C27F31C9200BC6208 /* Products */ = {
			isa = PBXGroup;
			children = (
				09AE246B27F31C9200BC6208 /* Zradelnik.app */,
			);
			name = Products;
			sourceTree = "<group>";
		};
		09FE90DF27FA36BD005C6AE3 /* Frameworks */ = {
			isa = PBXGroup;
			children = (
			);
			name = Frameworks;
			sourceTree = "<group>";
		};
		09FF048F290339AB009FA412 /* Packages */ = {
			isa = PBXGroup;
			children = (
				090690912903447E00BBA052 /* API */,
			);
			name = Packages;
			sourceTree = "<group>";
		};
		09GQLGRP0000000000000001 /* GraphQL */ = {
			isa = PBXGroup;
			children = (
				09FF048D29033919009FA412 /* schema.graphqls */,
				09A0682C2809F3120008563A /* Recipe.graphql */,
				098BD2AC27FC8608006D9C7B /* Auth.graphql */,
			);
			path = GraphQL;
			sourceTree = "<group>";
		};
/* End PBXGroup section */

/* Begin PBXNativeTarget section */
		09AE246A27F31C9200BC6208 /* Zradelnik */ = {
			isa = PBXNativeTarget;
			buildConfigurationList = 09AE247927F31C9300BC6208 /* Build configuration list for PBXNativeTarget "Zradelnik" */;
			buildPhases = (
				09AE246727F31C9200BC6208 /* Sources */,
				09AE246827F31C9200BC6208 /* Frameworks */,
				09AE246927F31C9200BC6208 /* Resources */,
			);
			buildRules = (
			);
			dependencies = (
			);
			fileSystemSynchronizedGroups = (
				09SYNCAPP000000000000001 /* App */,
			);
			name = Zradelnik;
			packageProductDependencies = (
				0989F8E127F32CBA009CB6BD /* Apollo */,
				09DC1F9D27F9DED200F01BBC /* MarkdownUI */,
				09FE90E027FA36BD005C6AE3 /* ApolloSQLite */,
				091815F927FDF836003A2250 /* KeychainAccess */,
				09A06828280970A70008563A /* CachedAsyncImage */,
				090690922903448800BBA052 /* API */,
			);
			productName = Zradelnik;
			productReference = 09AE246B27F31C9200BC6208 /* Zradelnik.app */;
			productType = "com.apple.product-type.application";
		};
/* End PBXNativeTarget section */

/* Begin PBXProject section */
		09AE246327F31C9200BC6208 /* Project object */ = {
			isa = PBXProject;
			attributes = {
				BuildIndependentTargetsInParallel = 1;
				LastSwiftUpdateCheck = 2620;
				LastUpgradeCheck = 2620;
				TargetAttributes = {
					09AE246A27F31C9200BC6208 = {
						CreatedOnToolsVersion = 13.3;
					};
				};
			};
			buildConfigurationList = 09AE246627F31C9200BC6208 /* Build configuration list for PBXProject "Zradelnik" */;
			developmentRegion = cs;
			hasScannedForEncodings = 0;
			knownRegions = (
				cs,
				Base,
			);
			mainGroup = 09AE246227F31C9200BC6208;
			packageReferences = (
				0989F8E027F32CBA009CB6BD /* XCRemoteSwiftPackageReference "apollo-ios" */,
				09DC1F9C27F9DED200F01BBC /* XCRemoteSwiftPackageReference "swift-markdown-ui" */,
				091815F827FDF836003A2250 /* XCRemoteSwiftPackageReference "KeychainAccess" */,
				09A06827280970A70008563A /* XCRemoteSwiftPackageReference "swiftui-cached-async-image" */,
			);
			preferredProjectObjectVersion = 77;
			productRefGroup = 09AE246C27F31C9200BC6208 /* Products */;
			projectDirPath = "";
			projectRoot = "";
			targets = (
				09AE246A27F31C9200BC6208 /* Zradelnik */,
			);
		};
/* End PBXProject section */

/* Begin PBXResourcesBuildPhase section */
		09AE246927F31C9200BC6208 /* Resources */ = {
			isa = PBXResourcesBuildPhase;
			buildActionMask = 2147483647;
			files = (
			);
			runOnlyForDeploymentPostprocessing = 0;
		};
/* End PBXResourcesBuildPhase section */

/* Begin PBXSourcesBuildPhase section */
		09AE246727F31C9200BC6208 /* Sources */ = {
			isa = PBXSourcesBuildPhase;
			buildActionMask = 2147483647;
			files = (
			);
			runOnlyForDeploymentPostprocessing = 0;
		};
/* End PBXSourcesBuildPhase section */

/* Begin XCBuildConfiguration section */
		09AE247727F31C9300BC6208 /* Debug */ = {
			isa = XCBuildConfiguration;
			baseConfigurationReference = 09FE90E327FA4753005C6AE3 /* Development.xcconfig */;
			buildSettings = {
				ALWAYS_SEARCH_USER_PATHS = NO;
				CLANG_ANALYZER_LOCALIZABILITY_NONLOCALIZED = YES;
				CLANG_ANALYZER_NONNULL = YES;
				CLANG_ANALYZER_NUMBER_OBJECT_CONVERSION = YES_AGGRESSIVE;
				CLANG_CXX_LANGUAGE_STANDARD = "gnu++17";
				CLANG_ENABLE_MODULES = YES;
				CLANG_ENABLE_OBJC_ARC = YES;
				CLANG_ENABLE_OBJC_WEAK = YES;
				CLANG_WARN_BLOCK_CAPTURE_AUTORELEASING = YES;
				CLANG_WARN_BOOL_CONVERSION = YES;
				CLANG_WARN_COMMA = YES;
				CLANG_WARN_CONSTANT_CONVERSION = YES;
				CLANG_WARN_DEPRECATED_OBJC_IMPLEMENTATIONS = YES;
				CLANG_WARN_DIRECT_OBJC_ISA_USAGE = YES_ERROR;
				CLANG_WARN_DOCUMENTATION_COMMENTS = YES;
				CLANG_WARN_EMPTY_BODY = YES;
				CLANG_WARN_ENUM_CONVERSION = YES;
				CLANG_WARN_INFINITE_RECURSION = YES;
				CLANG_WARN_INT_CONVERSION = YES;
				CLANG_WARN_NON_LITERAL_NULL_CONVERSION = YES;
				CLANG_WARN_OBJC_IMPLICIT_RETAIN_SELF = YES;
				CLANG_WARN_OBJC_LITERAL_CONVERSION = YES;
				CLANG_WARN_OBJC_ROOT_CLASS = YES_ERROR;
				CLANG_WARN_QUOTED_INCLUDE_IN_FRAMEWORK_HEADER = YES;
				CLANG_WARN_RANGE_LOOP_ANALYSIS = YES;
				CLANG_WARN_STRICT_PROTOTYPES = YES;
				CLANG_WARN_SUSPICIOUS_MOVE = YES;
				CLANG_WARN_UNGUARDED_AVAILABILITY = YES_AGGRESSIVE;
				CLANG_WARN_UNREACHABLE_CODE = YES;
				CLANG_WARN__DUPLICATE_METHOD_MATCH = YES;
				CODE_SIGN_IDENTITY = "Apple Development";
				CODE_SIGN_STYLE = Automatic;
				COPY_PHASE_STRIP = NO;
				DEBUG_INFORMATION_FORMAT = dwarf;
				DEVELOPMENT_TEAM = LVQ73P9V59;
				ENABLE_STRICT_OBJC_MSGSEND = YES;
				ENABLE_TESTABILITY = YES;
				GCC_C_LANGUAGE_STANDARD = gnu11;
				GCC_DYNAMIC_NO_PIC = NO;
				GCC_NO_COMMON_BLOCKS = YES;
				GCC_OPTIMIZATION_LEVEL = 0;
				GCC_PREPROCESSOR_DEFINITIONS = (
					"DEBUG=1",
					"$(inherited)",
				);
				GCC_WARN_64_TO_32_BIT_CONVERSION = YES;
				GCC_WARN_ABOUT_RETURN_TYPE = YES_ERROR;
				GCC_WARN_UNDECLARED_SELECTOR = YES;
				GCC_WARN_UNINITIALIZED_AUTOS = YES_AGGRESSIVE;
				GCC_WARN_UNUSED_FUNCTION = YES;
				GCC_WARN_UNUSED_VARIABLE = YES;
				IPHONEOS_DEPLOYMENT_TARGET = 26.0;
				MTL_ENABLE_DEBUG_INFO = INCLUDE_SOURCE;
				MTL_FAST_MATH = YES;
				ONLY_ACTIVE_ARCH = YES;
				SDKROOT = iphoneos;
				SWIFT_ACTIVE_COMPILATION_CONDITIONS = DEBUG;
				SWIFT_LANGUAGE_MODE = 5;
				SWIFT_OPTIMIZATION_LEVEL = "-Onone";
			};
			name = Debug;
		};
		09AE247827F31C9300BC6208 /* Release */ = {
			isa = XCBuildConfiguration;
			baseConfigurationReference = 09FE90E427FA47D6005C6AE3 /* Production.xcconfig */;
			buildSettings = {
				ALWAYS_SEARCH_USER_PATHS = NO;
				CLANG_ANALYZER_LOCALIZABILITY_NONLOCALIZED = YES;
				CLANG_ANALYZER_NONNULL = YES;
				CLANG_ANALYZER_NUMBER_OBJECT_CONVERSION = YES_AGGRESSIVE;
				CLANG_CXX_LANGUAGE_STANDARD = "gnu++17";
				CLANG_ENABLE_MODULES = YES;
				CLANG_ENABLE_OBJC_ARC = YES;
				CLANG_ENABLE_OBJC_WEAK = YES;
				CLANG_WARN_BLOCK_CAPTURE_AUTORELEASING = YES;
				CLANG_WARN_BOOL_CONVERSION = YES;
				CLANG_WARN_COMMA = YES;
				CLANG_WARN_CONSTANT_CONVERSION = YES;
				CLANG_WARN_DEPRECATED_OBJC_IMPLEMENTATIONS = YES;
				CLANG_WARN_DIRECT_OBJC_ISA_USAGE = YES_ERROR;
				CLANG_WARN_DOCUMENTATION_COMMENTS = YES;
				CLANG_WARN_EMPTY_BODY = YES;
				CLANG_WARN_ENUM_CONVERSION = YES;
				CLANG_WARN_INFINITE_RECURSION = YES;
				CLANG_WARN_INT_CONVERSION = YES;
				CLANG_WARN_NON_LITERAL_NULL_CONVERSION = YES;
				CLANG_WARN_OBJC_IMPLICIT_RETAIN_SELF = YES;
				CLANG_WARN_OBJC_LITERAL_CONVERSION = YES;
				CLANG_WARN_OBJC_ROOT_CLASS = YES_ERROR;
				CLANG_WARN_QUOTED_INCLUDE_IN_FRAMEWORK_HEADER = YES;
				CLANG_WARN_RANGE_LOOP_ANALYSIS = YES;
				CLANG_WARN_STRICT_PROTOTYPES = YES;
				CLANG_WARN_SUSPICIOUS_MOVE = YES;
				CLANG_WARN_UNGUARDED_AVAILABILITY = YES_AGGRESSIVE;
				CLANG_WARN_UNREACHABLE_CODE = YES;
				CLANG_WARN__DUPLICATE_METHOD_MATCH = YES;
				CODE_SIGN_IDENTITY = "Apple Development";
				CODE_SIGN_STYLE = Automatic;
				COPY_PHASE_STRIP = NO;
				DEBUG_INFORMATION_FORMAT = "dwarf-with-dsym";
				DEVELOPMENT_TEAM = LVQ73P9V59;
				ENABLE_NS_ASSERTIONS = NO;
				ENABLE_STRICT_OBJC_MSGSEND = YES;
				GCC_C_LANGUAGE_STANDARD = gnu11;
				GCC_NO_COMMON_BLOCKS = YES;
				GCC_WARN_64_TO_32_BIT_CONVERSION = YES;
				GCC_WARN_ABOUT_RETURN_TYPE = YES_ERROR;
				GCC_WARN_UNDECLARED_SELECTOR = YES;
				GCC_WARN_UNINITIALIZED_AUTOS = YES_AGGRESSIVE;
				GCC_WARN_UNUSED_FUNCTION = YES;
				GCC_WARN_UNUSED_VARIABLE = YES;
				IPHONEOS_DEPLOYMENT_TARGET = 26.0;
				MTL_ENABLE_DEBUG_INFO = NO;
				MTL_FAST_MATH = YES;
				SDKROOT = iphoneos;
				SWIFT_COMPILATION_MODE = wholemodule;
				SWIFT_LANGUAGE_MODE = 5;
				SWIFT_OPTIMIZATION_LEVEL = "-O";
				VALIDATE_PRODUCT = YES;
			};
			name = Release;
		};
		09AE247A27F31C9300BC6208 /* Debug */ = {
			isa = XCBuildConfiguration;
			buildSettings = {
				ASSETCATALOG_COMPILER_APPICON_NAME = AppIcon;
				ASSETCATALOG_COMPILER_GLOBAL_ACCENT_COLOR_NAME = AccentColor;
				CODE_SIGN_ENTITLEMENTS = Zradelnik.entitlements;
				CODE_SIGN_IDENTITY = "Apple Development";
				CODE_SIGN_STYLE = Automatic;
				CURRENT_PROJECT_VERSION = 14;
				DEVELOPMENT_ASSET_PATHS = "App/Preview\\ Content";
				DEVELOPMENT_TEAM = LVQ73P9V59;
				ENABLE_PREVIEWS = YES;
				GENERATE_INFOPLIST_FILE = YES;
				INFOPLIST_FILE = "App/Zradelnik-Info.plist";
				INFOPLIST_KEY_CFBundleDisplayName = "Žrádelník";
				INFOPLIST_KEY_LSApplicationCategoryType = "public.app-category.food-and-drink";
				INFOPLIST_KEY_UIApplicationSceneManifest_Generation = YES;
				INFOPLIST_KEY_UIApplicationSupportsIndirectInputEvents = YES;
				INFOPLIST_KEY_UILaunchScreen_Generation = YES;
				INFOPLIST_KEY_UISupportedInterfaceOrientations = "UIInterfaceOrientationPortrait UIInterfaceOrientationPortraitUpsideDown";
				IPHONEOS_DEPLOYMENT_TARGET = 26.0;
				LD_RUNPATH_SEARCH_PATHS = (
					"$(inherited)",
					"@executable_path/Frameworks",
				);
				MARKETING_VERSION = 1.0;
				PRODUCT_BUNDLE_IDENTIFIER = "cz.zradelnik.app-native";
				PRODUCT_NAME = Zradelnik;
				PROVISIONING_PROFILE_SPECIFIER = "";
				SUPPORTED_PLATFORMS = "iphoneos iphonesimulator";
				SUPPORTS_MACCATALYST = NO;
				SUPPORTS_MAC_DESIGNED_FOR_IPHONE_IPAD = NO;
				SWIFT_EMIT_LOC_STRINGS = YES;
				SWIFT_LANGUAGE_MODE = 5;
				SWIFT_VERSION = 5.0;
				TARGETED_DEVICE_FAMILY = 1;
			};
			name = Debug;
		};
		09AE247B27F31C9300BC6208 /* Release */ = {
			isa = XCBuildConfiguration;
			buildSettings = {
				ASSETCATALOG_COMPILER_APPICON_NAME = AppIcon;
				ASSETCATALOG_COMPILER_GLOBAL_ACCENT_COLOR_NAME = AccentColor;
				CODE_SIGN_ENTITLEMENTS = Zradelnik.entitlements;
				CODE_SIGN_IDENTITY = "Apple Development";
				CODE_SIGN_STYLE = Automatic;
				CURRENT_PROJECT_VERSION = 14;
				DEVELOPMENT_ASSET_PATHS = "App/Preview\\ Content";
				DEVELOPMENT_TEAM = LVQ73P9V59;
				ENABLE_PREVIEWS = YES;
				GENERATE_INFOPLIST_FILE = YES;
				INFOPLIST_FILE = "App/Zradelnik-Info.plist";
				INFOPLIST_KEY_CFBundleDisplayName = "Žrádelník";
				INFOPLIST_KEY_LSApplicationCategoryType = "public.app-category.food-and-drink";
				INFOPLIST_KEY_UIApplicationSceneManifest_Generation = YES;
				INFOPLIST_KEY_UIApplicationSupportsIndirectInputEvents = YES;
				INFOPLIST_KEY_UILaunchScreen_Generation = YES;
				INFOPLIST_KEY_UISupportedInterfaceOrientations = "UIInterfaceOrientationPortrait UIInterfaceOrientationPortraitUpsideDown";
				IPHONEOS_DEPLOYMENT_TARGET = 26.0;
				LD_RUNPATH_SEARCH_PATHS = (
					"$(inherited)",
					"@executable_path/Frameworks",
				);
				MARKETING_VERSION = 1.0;
				PRODUCT_BUNDLE_IDENTIFIER = "cz.zradelnik.app-native";
				PRODUCT_NAME = Zradelnik;
				PROVISIONING_PROFILE = "b6b29685-d303-4dca-bd73-8e8f6ec3d5c9";
				PROVISIONING_PROFILE_SPECIFIER = "";
				SUPPORTED_PLATFORMS = "iphoneos iphonesimulator";
				SUPPORTS_MACCATALYST = NO;
				SUPPORTS_MAC_DESIGNED_FOR_IPHONE_IPAD = NO;
				SWIFT_EMIT_LOC_STRINGS = YES;
				SWIFT_LANGUAGE_MODE = 5;
				SWIFT_VERSION = 5.0;
				TARGETED_DEVICE_FAMILY = 1;
			};
			name = Release;
		};
/* End XCBuildConfiguration section */

/* Begin XCConfigurationList section */
		09AE246627F31C9200BC6208 /* Build configuration list for PBXProject "Zradelnik" */ = {
			isa = XCConfigurationList;
			buildConfigurations = (
				09AE247727F31C9300BC6208 /* Debug */,
				09AE247827F31C9300BC6208 /* Release */,
			);
			defaultConfigurationIsVisible = 0;
			defaultConfigurationName = Release;
		};
		09AE247927F31C9300BC6208 /* Build configuration list for PBXNativeTarget "Zradelnik" */ = {
			isa = XCConfigurationList;
			buildConfigurations = (
				09AE247A27F31C9300BC6208 /* Debug */,
				09AE247B27F31C9300BC6208 /* Release */,
			);
			defaultConfigurationIsVisible = 0;
			defaultConfigurationName = Release;
		};
/* End XCConfigurationList section */

/* Begin XCRemoteSwiftPackageReference section */
		091815F827FDF836003A2250 /* XCRemoteSwiftPackageReference "KeychainAccess" */ = {
			isa = XCRemoteSwiftPackageReference;
			repositoryURL = "https://github.com/kishikawakatsumi/KeychainAccess.git";
			requirement = {
				kind = upToNextMajorVersion;
				minimumVersion = 4.2.2;
			};
		};
		0989F8E027F32CBA009CB6BD /* XCRemoteSwiftPackageReference "apollo-ios" */ = {
			isa = XCRemoteSwiftPackageReference;
			repositoryURL = "https://github.com/apollographql/apollo-ios.git";
			requirement = {
				kind = upToNextMajorVersion;
				minimumVersion = 2.4.0;
			};
		};
		09A06827280970A70008563A /* XCRemoteSwiftPackageReference "swiftui-cached-async-image" */ = {
			isa = XCRemoteSwiftPackageReference;
			repositoryURL = "https://github.com/lorenzofiamingo/swiftui-cached-async-image";
			requirement = {
				kind = upToNextMajorVersion;
				minimumVersion = 2.0.0;
			};
		};
		09DC1F9C27F9DED200F01BBC /* XCRemoteSwiftPackageReference "swift-markdown-ui" */ = {
			isa = XCRemoteSwiftPackageReference;
			repositoryURL = "https://github.com/gonzalezreal/swift-markdown-ui";
			requirement = {
				kind = upToNextMajorVersion;
				minimumVersion = 2.0.0;
			};
		};
/* End XCRemoteSwiftPackageReference section */

/* Begin XCSwiftPackageProductDependency section */
		090690922903448800BBA052 /* API */ = {
			isa = XCSwiftPackageProductDependency;
			productName = API;
		};
		091815F927FDF836003A2250 /* KeychainAccess */ = {
			isa = XCSwiftPackageProductDependency;
			package = 091815F827FDF836003A2250 /* XCRemoteSwiftPackageReference "KeychainAccess" */;
			productName = KeychainAccess;
		};
		0989F8E127F32CBA009CB6BD /* Apollo */ = {
			isa = XCSwiftPackageProductDependency;
			package = 0989F8E027F32CBA009CB6BD /* XCRemoteSwiftPackageReference "apollo-ios" */;
			productName = Apollo;
		};
		09A06828280970A70008563A /* CachedAsyncImage */ = {
			isa = XCSwiftPackageProductDependency;
			package = 09A06827280970A70008563A /* XCRemoteSwiftPackageReference "swiftui-cached-async-image" */;
			productName = CachedAsyncImage;
		};
		09DC1F9D27F9DED200F01BBC /* MarkdownUI */ = {
			isa = XCSwiftPackageProductDependency;
			package = 09DC1F9C27F9DED200F01BBC /* XCRemoteSwiftPackageReference "swift-markdown-ui" */;
			productName = MarkdownUI;
		};
		09FE90E027FA36BD005C6AE3 /* ApolloSQLite */ = {
			isa = XCSwiftPackageProductDependency;
			package = 0989F8E027F32CBA009CB6BD /* XCRemoteSwiftPackageReference "apollo-ios" */;
			productName = ApolloSQLite;
		};
/* End XCSwiftPackageProductDependency section */
	};
	rootObject = 09AE246327F31C9200BC6208 /* Project object */;
}
