// !$*UTF8*$!
{
	archiveVersion = 1;
	classes = {
	};
	objectVersion = 55;
	objects = {

/* Begin PBXBuildFile section */
		0900083527F35AFC00D5A746 /* PreviewData.swift in Sources */ = {isa = PBXBuildFile; fileRef = 0900083427F35AFC00D5A746 /* PreviewData.swift */; };
		0900083727F35B9A00D5A746 /* RecipeList.swift in Sources */ = {isa = PBXBuildFile; fileRef = 0900083627F35B9A00D5A746 /* RecipeList.swift */; };
		0900083B27F3A45800D5A746 /* RecipeListItem.swift in Sources */ = {isa = PBXBuildFile; fileRef = 0900083A27F3A45800D5A746 /* RecipeListItem.swift */; };
		0905C3B128048B41005E3949 /* RecipeForm.swift in Sources */ = {isa = PBXBuildFile; fileRef = 0905C3B028048B41005E3949 /* RecipeForm.swift */; };
		091815FA27FDF836003A2250 /* KeychainAccess in Frameworks */ = {isa = PBXBuildFile; productRef = 091815F927FDF836003A2250 /* KeychainAccess */; };
		091815FE27FDFF68003A2250 /* LoginView.swift in Sources */ = {isa = PBXBuildFile; fileRef = 091815FD27FDFF68003A2250 /* LoginView.swift */; };
		092DC67227FB6F9C00A1B0D6 /* API.swift in Sources */ = {isa = PBXBuildFile; fileRef = 092DC67127FB6F9C00A1B0D6 /* API.swift */; };
		09395F882800953200AACAA3 /* RecipeEditView.swift in Sources */ = {isa = PBXBuildFile; fileRef = 09395F872800953200AACAA3 /* RecipeEditView.swift */; };
		09395F8A2800959F00AACAA3 /* RecipeDetailView.swift in Sources */ = {isa = PBXBuildFile; fileRef = 09395F892800959F00AACAA3 /* RecipeDetailView.swift */; };
		09395F8C2800B77C00AACAA3 /* RecipeEdit.swift in Sources */ = {isa = PBXBuildFile; fileRef = 09395F8B2800B77C00AACAA3 /* RecipeEdit.swift */; };
		0946D78D27FF265E00F81F18 /* SettingsHost.swift in Sources */ = {isa = PBXBuildFile; fileRef = 0946D78C27FF265E00F81F18 /* SettingsHost.swift */; };
		0946D78F27FF276B00F81F18 /* SettingsView.swift in Sources */ = {isa = PBXBuildFile; fileRef = 0946D78E27FF276B00F81F18 /* SettingsView.swift */; };
		0946D79327FF325300F81F18 /* Keychain.swift in Sources */ = {isa = PBXBuildFile; fileRef = 0946D79227FF325300F81F18 /* Keychain.swift */; };
		0955941B27F332AA00E270E4 /* Recipe.swift in Sources */ = {isa = PBXBuildFile; fileRef = 0955941A27F332AA00E270E4 /* Recipe.swift */; };
		095C1D5F2801ADDF0074AA70 /* ImagePicker.swift in Sources */ = {isa = PBXBuildFile; fileRef = 095C1D5E2801ADDF0074AA70 /* ImagePicker.swift */; };
		095C1D612801B5FF0074AA70 /* Extensions.swift in Sources */ = {isa = PBXBuildFile; fileRef = 095C1D602801B5FF0074AA70 /* Extensions.swift */; };
		0960A1B228020D8700D339DC /* RecipeFormViewModel.swift in Sources */ = {isa = PBXBuildFile; fileRef = 0960A1B128020D8700D339DC /* RecipeFormViewModel.swift */; };
		0989F8E227F32CBA009CB6BD /* Apollo in Frameworks */ = {isa = PBXBuildFile; productRef = 0989F8E127F32CBA009CB6BD /* Apollo */; settings = {ATTRIBUTES = (Required, ); }; };
		0989F8E627F32D45009CB6BD /* Network.swift in Sources */ = {isa = PBXBuildFile; fileRef = 0989F8E527F32D45009CB6BD /* Network.swift */; };
		098BD2AB27FC85BD006D9C7B /* LoginViewModel.swift in Sources */ = {isa = PBXBuildFile; fileRef = 098BD2AA27FC85BD006D9C7B /* LoginViewModel.swift */; };
		098BD2B027FC8A50006D9C7B /* RecipeIngredientListView.swift in Sources */ = {isa = PBXBuildFile; fileRef = 098BD2AF27FC8A50006D9C7B /* RecipeIngredientListView.swift */; };
		099185B727F9C2B30057FC2F /* recipeData.json in Resources */ = {isa = PBXBuildFile; fileRef = 0900083227F359AE00D5A746 /* recipeData.json */; };
		099185BA27F9C2B30057FC2F /* Preview Assets.xcassets in Resources */ = {isa = PBXBuildFile; fileRef = 09AE247527F31C9300BC6208 /* Preview Assets.xcassets */; };
		09A068222809562C0008563A /* Model.swift in Sources */ = {isa = PBXBuildFile; fileRef = 09A068212809562C0008563A /* Model.swift */; };
		09A06829280970A70008563A /* CachedAsyncImage in Frameworks */ = {isa = PBXBuildFile; productRef = 09A06828280970A70008563A /* CachedAsyncImage */; };
		09A0682B280974D10008563A /* URLCache+imageCache.swift in Sources */ = {isa = PBXBuildFile; fileRef = 09A0682A280974D10008563A /* URLCache+imageCache.swift */; };
		09A0682D2809F3120008563A /* Recipe.graphql in Resources */ = {isa = PBXBuildFile; fileRef = 09A0682C2809F3120008563A /* Recipe.graphql */; };
		09A7A3EC27F64E5B00E62123 /* LoadingContent.swift in Sources */ = {isa = PBXBuildFile; fileRef = 09A7A3EB27F64E5B00E62123 /* LoadingContent.swift */; };
		09A7A3F427F6642500E62123 /* RecipeView.swift in Sources */ = {isa = PBXBuildFile; fileRef = 09A7A3F327F6642500E62123 /* RecipeView.swift */; };
		09AE246F27F31C9200BC6208 /* ZradelnikApp.swift in Sources */ = {isa = PBXBuildFile; fileRef = 09AE246E27F31C9200BC6208 /* ZradelnikApp.swift */; };
		09AE247127F31C9200BC6208 /* ContentView.swift in Sources */ = {isa = PBXBuildFile; fileRef = 09AE247027F31C9200BC6208 /* ContentView.swift */; };
		09AE247327F31C9300BC6208 /* Assets.xcassets in Resources */ = {isa = PBXBuildFile; fileRef = 09AE247227F31C9300BC6208 /* Assets.xcassets */; };
		09DC1F9E27F9DED200F01BBC /* MarkdownUI in Frameworks */ = {isa = PBXBuildFile; productRef = 09DC1F9D27F9DED200F01BBC /* MarkdownUI */; };
		09FE90E127FA36BD005C6AE3 /* ApolloSQLite in Frameworks */ = {isa = PBXBuildFile; productRef = 09FE90E027FA36BD005C6AE3 /* ApolloSQLite */; };
		09FE90E927FA48A9005C6AE3 /* Configuration.swift in Sources */ = {isa = PBXBuildFile; fileRef = 09FE90E827FA48A9005C6AE3 /* Configuration.swift */; };
/* End PBXBuildFile section */

/* Begin PBXFileReference section */
		0900083227F359AE00D5A746 /* recipeData.json */ = {isa = PBXFileReference; lastKnownFileType = text.json; path = recipeData.json; sourceTree = "<group>"; };
		0900083427F35AFC00D5A746 /* PreviewData.swift */ = {isa = PBXFileReference; lastKnownFileType = sourcecode.swift; path = PreviewData.swift; sourceTree = "<group>"; };
		0900083627F35B9A00D5A746 /* RecipeList.swift */ = {isa = PBXFileReference; lastKnownFileType = sourcecode.swift; path = RecipeList.swift; sourceTree = "<group>"; };
		0900083A27F3A45800D5A746 /* RecipeListItem.swift */ = {isa = PBXFileReference; lastKnownFileType = sourcecode.swift; path = RecipeListItem.swift; sourceTree = "<group>"; };
		0905C3B028048B41005E3949 /* RecipeForm.swift */ = {isa = PBXFileReference; fileEncoding = 4; lastKnownFileType = sourcecode.swift; path = RecipeForm.swift; sourceTree = "<group>"; };
		091815FD27FDFF68003A2250 /* LoginView.swift */ = {isa = PBXFileReference; lastKnownFileType = sourcecode.swift; path = LoginView.swift; sourceTree = "<group>"; };
		092DC67127FB6F9C00A1B0D6 /* API.swift */ = {isa = PBXFileReference; fileEncoding = 4; lastKnownFileType = sourcecode.swift; path = API.swift; sourceTree = "<group>"; };
		09395F872800953200AACAA3 /* RecipeEditView.swift */ = {isa = PBXFileReference; lastKnownFileType = sourcecode.swift; path = RecipeEditView.swift; sourceTree = "<group>"; };
		09395F892800959F00AACAA3 /* RecipeDetailView.swift */ = {isa = PBXFileReference; lastKnownFileType = sourcecode.swift; path = RecipeDetailView.swift; sourceTree = "<group>"; };
		09395F8B2800B77C00AACAA3 /* RecipeEdit.swift */ = {isa = PBXFileReference; lastKnownFileType = sourcecode.swift; path = RecipeEdit.swift; sourceTree = "<group>"; };
		0946D78C27FF265E00F81F18 /* SettingsHost.swift */ = {isa = PBXFileReference; lastKnownFileType = sourcecode.swift; path = SettingsHost.swift; sourceTree = "<group>"; };
		0946D78E27FF276B00F81F18 /* SettingsView.swift */ = {isa = PBXFileReference; lastKnownFileType = sourcecode.swift; path = SettingsView.swift; sourceTree = "<group>"; };
		0946D79227FF325300F81F18 /* Keychain.swift */ = {isa = PBXFileReference; lastKnownFileType = sourcecode.swift; path = Keychain.swift; sourceTree = "<group>"; };
		0955941A27F332AA00E270E4 /* Recipe.swift */ = {isa = PBXFileReference; lastKnownFileType = sourcecode.swift; path = Recipe.swift; sourceTree = "<group>"; };
		095C1D5E2801ADDF0074AA70 /* ImagePicker.swift */ = {isa = PBXFileReference; lastKnownFileType = sourcecode.swift; path = ImagePicker.swift; sourceTree = "<group>"; };
		095C1D602801B5FF0074AA70 /* Extensions.swift */ = {isa = PBXFileReference; lastKnownFileType = sourcecode.swift; path = Extensions.swift; sourceTree = "<group>"; };
		0960A1B128020D8700D339DC /* RecipeFormViewModel.swift */ = {isa = PBXFileReference; fileEncoding = 4; lastKnownFileType = sourcecode.swift; path = RecipeFormViewModel.swift; sourceTree = "<group>"; };
		0989F8E527F32D45009CB6BD /* Network.swift */ = {isa = PBXFileReference; lastKnownFileType = sourcecode.swift; path = Network.swift; sourceTree = "<group>"; };
		098BD2AA27FC85BD006D9C7B /* LoginViewModel.swift */ = {isa = PBXFileReference; lastKnownFileType = sourcecode.swift; path = LoginViewModel.swift; sourceTree = "<group>"; };
		098BD2AC27FC8608006D9C7B /* Auth.graphql */ = {isa = PBXFileReference; indentWidth = 2; lastKnownFileType = text; path = Auth.graphql; sourceTree = "<group>"; tabWidth = 2; usesTabs = 0; };
		098BD2AF27FC8A50006D9C7B /* RecipeIngredientListView.swift */ = {isa = PBXFileReference; lastKnownFileType = sourcecode.swift; path = RecipeIngredientListView.swift; sourceTree = "<group>"; };
		09A068212809562C0008563A /* Model.swift */ = {isa = PBXFileReference; lastKnownFileType = sourcecode.swift; path = Model.swift; sourceTree = "<group>"; };
		09A0682A280974D10008563A /* URLCache+imageCache.swift */ = {isa = PBXFileReference; lastKnownFileType = sourcecode.swift; path = "URLCache+imageCache.swift"; sourceTree = "<group>"; };
		09A0682C2809F3120008563A /* Recipe.graphql */ = {isa = PBXFileReference; indentWidth = 2; lastKnownFileType = text; path = Recipe.graphql; sourceTree = "<group>"; tabWidth = 2; };
		09A7A3EB27F64E5B00E62123 /* LoadingContent.swift */ = {isa = PBXFileReference; lastKnownFileType = sourcecode.swift; path = LoadingContent.swift; sourceTree = "<group>"; };
		09A7A3F327F6642500E62123 /* RecipeView.swift */ = {isa = PBXFileReference; fileEncoding = 4; lastKnownFileType = sourcecode.swift; path = RecipeView.swift; sourceTree = "<group>"; };
		09AE246B27F31C9200BC6208 /* Žrádelník.app */ = {isa = PBXFileReference; explicitFileType = wrapper.application; includeInIndex = 0; path = "Žrádelník.app"; sourceTree = BUILT_PRODUCTS_DIR; };
		09AE246E27F31C9200BC6208 /* ZradelnikApp.swift */ = {isa = PBXFileReference; lastKnownFileType = sourcecode.swift; path = ZradelnikApp.swift; sourceTree = "<group>"; };
		09AE247027F31C9200BC6208 /* ContentView.swift */ = {isa = PBXFileReference; lastKnownFileType = sourcecode.swift; path = ContentView.swift; sourceTree = "<group>"; };
		09AE247227F31C9300BC6208 /* Assets.xcassets */ = {isa = PBXFileReference; lastKnownFileType = folder.assetcatalog; path = Assets.xcassets; sourceTree = "<group>"; };
		09AE247527F31C9300BC6208 /* Preview Assets.xcassets */ = {isa = PBXFileReference; lastKnownFileType = folder.assetcatalog; path = "Preview Assets.xcassets"; sourceTree = "<group>"; };
		09AE248427F326D900BC6208 /* schema.json */ = {isa = PBXFileReference; fileEncoding = 4; lastKnownFileType = text.json; path = schema.json; sourceTree = "<group>"; };
		09FE90E327FA4753005C6AE3 /* Development.xcconfig */ = {isa = PBXFileReference; fileEncoding = 4; lastKnownFileType = text.xcconfig; path = Development.xcconfig; sourceTree = "<group>"; };
		09FE90E427FA47D6005C6AE3 /* Production.xcconfig */ = {isa = PBXFileReference; fileEncoding = 4; lastKnownFileType = text.xcconfig; path = Production.xcconfig; sourceTree = "<group>"; };
		09FE90E827FA48A9005C6AE3 /* Configuration.swift */ = {isa = PBXFileReference; lastKnownFileType = sourcecode.swift; path = Configuration.swift; sourceTree = "<group>"; };
		09FE90EC27FA4B54005C6AE3 /* Info.plist */ = {isa = PBXFileReference; lastKnownFileType = text.plist.xml; path = Info.plist; sourceTree = "<group>"; };
/* End PBXFileReference section */

/* Begin PBXFrameworksBuildPhase section */
		09AE246827F31C9200BC6208 /* Frameworks */ = {
			isa = PBXFrameworksBuildPhase;
			buildActionMask = 2147483647;
			files = (
				091815FA27FDF836003A2250 /* KeychainAccess in Frameworks */,
				09A06829280970A70008563A /* CachedAsyncImage in Frameworks */,
				0989F8E227F32CBA009CB6BD /* Apollo in Frameworks */,
				09DC1F9E27F9DED200F01BBC /* MarkdownUI in Frameworks */,
				09FE90E127FA36BD005C6AE3 /* ApolloSQLite in Frameworks */,
			);
			runOnlyForDeploymentPostprocessing = 0;
		};
/* End PBXFrameworksBuildPhase section */

/* Begin PBXGroup section */
		092DC67027FB6F6000A1B0D6 /* Network */ = {
			isa = PBXGroup;
			children = (
				092DC67127FB6F9C00A1B0D6 /* API.swift */,
				0989F8E527F32D45009CB6BD /* Network.swift */,
				09A0682A280974D10008563A /* URLCache+imageCache.swift */,
			);
			path = Network;
			sourceTree = "<group>";
		};
		092DC67627FB70C900A1B0D6 /* Helpers */ = {
			isa = PBXGroup;
			children = (
				09A7A3EB27F64E5B00E62123 /* LoadingContent.swift */,
				095C1D5E2801ADDF0074AA70 /* ImagePicker.swift */,
				095C1D602801B5FF0074AA70 /* Extensions.swift */,
			);
			path = Helpers;
			sourceTree = "<group>";
		};
		092DC68D27FC4CFB00A1B0D6 /* Configuration */ = {
			isa = PBXGroup;
			children = (
				09FE90E327FA4753005C6AE3 /* Development.xcconfig */,
				09FE90E427FA47D6005C6AE3 /* Production.xcconfig */,
			);
			path = Configuration;
			sourceTree = "<group>";
		};
		0946D78B27FF25FA00F81F18 /* Settings */ = {
			isa = PBXGroup;
			children = (
				0946D78C27FF265E00F81F18 /* SettingsHost.swift */,
				0946D78E27FF276B00F81F18 /* SettingsView.swift */,
				091815FD27FDFF68003A2250 /* LoginView.swift */,
				098BD2AA27FC85BD006D9C7B /* LoginViewModel.swift */,
			);
			path = Settings;
			sourceTree = "<group>";
		};
		0989F8E727F32E7F009CB6BD /* RecipeList */ = {
			isa = PBXGroup;
			children = (
				0900083627F35B9A00D5A746 /* RecipeList.swift */,
				0900083A27F3A45800D5A746 /* RecipeListItem.swift */,
			);
			path = RecipeList;
			sourceTree = "<group>";
		};
		09A068202809561F0008563A /* Model */ = {
			isa = PBXGroup;
			children = (
				09A068212809562C0008563A /* Model.swift */,
				0955941A27F332AA00E270E4 /* Recipe.swift */,
				09395F8B2800B77C00AACAA3 /* RecipeEdit.swift */,
			);
			path = Model;
			sourceTree = "<group>";
		};
		09A7A3E627F63CFC00E62123 /* Recipe */ = {
			isa = PBXGroup;
			children = (
				09A7A3F327F6642500E62123 /* RecipeView.swift */,
				09395F892800959F00AACAA3 /* RecipeDetailView.swift */,
				09395F872800953200AACAA3 /* RecipeEditView.swift */,
				098BD2AF27FC8A50006D9C7B /* RecipeIngredientListView.swift */,
				0905C3B028048B41005E3949 /* RecipeForm.swift */,
				0960A1B128020D8700D339DC /* RecipeFormViewModel.swift */,
			);
			path = Recipe;
			sourceTree = "<group>";
		};
		09AE246227F31C9200BC6208 = {
			isa = PBXGroup;
			children = (
				09AE246D27F31C9200BC6208 /* Zradelnik */,
				092DC68D27FC4CFB00A1B0D6 /* Configuration */,
				09AE246C27F31C9200BC6208 /* Products */,
				09FE90DF27FA36BD005C6AE3 /* Frameworks */,
			);
			sourceTree = "<group>";
		};
		09AE246C27F31C9200BC6208 /* Products */ = {
			isa = PBXGroup;
			children = (
				09AE246B27F31C9200BC6208 /* Žrádelník.app */,
			);
			name = Products;
			sourceTree = "<group>";
		};
		09AE246D27F31C9200BC6208 /* Zradelnik */ = {
			isa = PBXGroup;
			children = (
				09AE246E27F31C9200BC6208 /* ZradelnikApp.swift */,
				09FE90E827FA48A9005C6AE3 /* Configuration.swift */,
				0946D79227FF325300F81F18 /* Keychain.swift */,
				092DC67027FB6F6000A1B0D6 /* Network */,
				09A068202809561F0008563A /* Model */,
				09AE247C27F31CBB00BC6208 /* Views */,
				09AE248327F324A400BC6208 /* Resources */,
				09AE248627F3284200BC6208 /* GraphQL */,
				09AE247227F31C9300BC6208 /* Assets.xcassets */,
				09AE247427F31C9300BC6208 /* Preview Content */,
				09FE90EC27FA4B54005C6AE3 /* Info.plist */,
			);
			path = Zradelnik;
			sourceTree = "<group>";
		};
		09AE247427F31C9300BC6208 /* Preview Content */ = {
			isa = PBXGroup;
			children = (
				09AE247527F31C9300BC6208 /* Preview Assets.xcassets */,
				0900083427F35AFC00D5A746 /* PreviewData.swift */,
				0900083227F359AE00D5A746 /* recipeData.json */,
			);
			path = "Preview Content";
			sourceTree = "<group>";
		};
		09AE247C27F31CBB00BC6208 /* Views */ = {
			isa = PBXGroup;
			children = (
				09AE247027F31C9200BC6208 /* ContentView.swift */,
				0989F8E727F32E7F009CB6BD /* RecipeList */,
				09A7A3E627F63CFC00E62123 /* Recipe */,
				0946D78B27FF25FA00F81F18 /* Settings */,
				092DC67627FB70C900A1B0D6 /* Helpers */,
			);
			path = Views;
			sourceTree = "<group>";
		};
		09AE248327F324A400BC6208 /* Resources */ = {
			isa = PBXGroup;
			children = (
				09AE248427F326D900BC6208 /* schema.json */,
			);
			path = Resources;
			sourceTree = "<group>";
		};
		09AE248627F3284200BC6208 /* GraphQL */ = {
			isa = PBXGroup;
			children = (
				09A0682C2809F3120008563A /* Recipe.graphql */,
				098BD2AC27FC8608006D9C7B /* Auth.graphql */,
			);
			path = GraphQL;
			sourceTree = "<group>";
		};
		09FE90DF27FA36BD005C6AE3 /* Frameworks */ = {
			isa = PBXGroup;
			children = (
			);
			name = Frameworks;
			sourceTree = "<group>";
		};
/* End PBXGroup section */

/* Begin PBXNativeTarget section */
		09AE246A27F31C9200BC6208 /* Zradelnik */ = {
			isa = PBXNativeTarget;
			buildConfigurationList = 09AE247927F31C9300BC6208 /* Build configuration list for PBXNativeTarget "Zradelnik" */;
			buildPhases = (
				0989F8DC27F329E6009CB6BD /* Apollo */,
				09AE246727F31C9200BC6208 /* Sources */,
				09AE246827F31C9200BC6208 /* Frameworks */,
				09AE246927F31C9200BC6208 /* Resources */,
			);
			buildRules = (
			);
			dependencies = (
			);
			name = Zradelnik;
			packageProductDependencies = (
				0989F8E127F32CBA009CB6BD /* Apollo */,
				09DC1F9D27F9DED200F01BBC /* MarkdownUI */,
				09FE90E027FA36BD005C6AE3 /* ApolloSQLite */,
				091815F927FDF836003A2250 /* KeychainAccess */,
				09A06828280970A70008563A /* CachedAsyncImage */,
			);
			productName = Zradelnik;
			productReference = 09AE246B27F31C9200BC6208 /* Žrádelník.app */;
			productType = "com.apple.product-type.application";
		};
/* End PBXNativeTarget section */

/* Begin PBXProject section */
		09AE246327F31C9200BC6208 /* Project object */ = {
			isa = PBXProject;
			attributes = {
				BuildIndependentTargetsInParallel = 1;
				LastSwiftUpdateCheck = 1330;
				LastUpgradeCheck = 1330;
				TargetAttributes = {
					09AE246A27F31C9200BC6208 = {
						CreatedOnToolsVersion = 13.3;
					};
				};
			};
			buildConfigurationList = 09AE246627F31C9200BC6208 /* Build configuration list for PBXProject "Zradelnik" */;
			compatibilityVersion = "Xcode 13.0";
			developmentRegion = en;
			hasScannedForEncodings = 0;
			knownRegions = (
				en,
				Base,
			);
			mainGroup = 09AE246227F31C9200BC6208;
			packageReferences = (
				0989F8E027F32CBA009CB6BD /* XCRemoteSwiftPackageReference "apollo-ios" */,
				09DC1F9C27F9DED200F01BBC /* XCRemoteSwiftPackageReference "MarkdownUI" */,
				091815F827FDF836003A2250 /* XCRemoteSwiftPackageReference "KeychainAccess" */,
				09A06827280970A70008563A /* XCRemoteSwiftPackageReference "swiftui-cached-async-image" */,
			);
			productRefGroup = 09AE246C27F31C9200BC6208 /* Products */;
			projectDirPath = "";
			projectRoot = "";
			targets = (
				09AE246A27F31C9200BC6208 /* Zradelnik */,
			);
		};
/* End PBXProject section */

/* Begin PBXResourcesBuildPhase section */
		09AE246927F31C9200BC6208 /* Resources */ = {
			isa = PBXResourcesBuildPhase;
			buildActionMask = 2147483647;
			files = (
				09AE247327F31C9300BC6208 /* Assets.xcassets in Resources */,
				099185BA27F9C2B30057FC2F /* Preview Assets.xcassets in Resources */,
				09A0682D2809F3120008563A /* Recipe.graphql in Resources */,
				099185B727F9C2B30057FC2F /* recipeData.json in Resources */,
			);
			runOnlyForDeploymentPostprocessing = 0;
		};
/* End PBXResourcesBuildPhase section */

/* Begin PBXShellScriptBuildPhase section */
		0989F8DC27F329E6009CB6BD /* Apollo */ = {
			isa = PBXShellScriptBuildPhase;
			buildActionMask = 8;
			files = (
			);
			inputFileListPaths = (
			);
			inputPaths = (
			);
			name = Apollo;
			outputFileListPaths = (
			);
			outputPaths = (
			);
			runOnlyForDeploymentPostprocessing = 1;
			shellPath = /bin/sh;
			shellScript = "# Don't run this during index builds\nif [ $ACTION = \"indexbuild\" ]; then exit 0; fi\n\n# Go to the build root and search up the chain to find the Derived Data Path where the source packages are checked out.\nDERIVED_DATA_CANDIDATE=\"${BUILD_ROOT}\"\n\nwhile ! [ -d \"${DERIVED_DATA_CANDIDATE}/SourcePackages\" ]; do\n  if [ \"${DERIVED_DATA_CANDIDATE}\" = / ]; then\n    echo >&2 \"error: Unable to locate SourcePackages directory from BUILD_ROOT: '${BUILD_ROOT}'\"\n    exit 1\n  fi\n\n  DERIVED_DATA_CANDIDATE=\"$(dirname \"${DERIVED_DATA_CANDIDATE}\")\"\ndone\n\n# Grab a reference to the directory where scripts are checked out\nSCRIPT_PATH=\"${DERIVED_DATA_CANDIDATE}/SourcePackages/checkouts/apollo-ios/scripts\"\n\nif [ -z \"${SCRIPT_PATH}\" ]; then\n    echo >&2 \"error: Couldn't find the CLI script in your checked out SPM packages; make sure to add the framework to your project.\"\n    exit 1\nfi\n\ncd \"${SRCROOT}/${TARGET_NAME}\"\n\"${SCRIPT_PATH}\"/run-bundled-codegen.sh codegen:generate --target=swift --includes=./**/*.graphql --localSchemaFile=\"Resources/schema.json\" Network/API.swift\n";
		};
/* End PBXShellScriptBuildPhase section */

/* Begin PBXSourcesBuildPhase section */
		09AE246727F31C9200BC6208 /* Sources */ = {
			isa = PBXSourcesBuildPhase;
			buildActionMask = 2147483647;
			files = (
				09AE247127F31C9200BC6208 /* ContentView.swift in Sources */,
				095C1D5F2801ADDF0074AA70 /* ImagePicker.swift in Sources */,
				0989F8E627F32D45009CB6BD /* Network.swift in Sources */,
				0955941B27F332AA00E270E4 /* Recipe.swift in Sources */,
				0905C3B128048B41005E3949 /* RecipeForm.swift in Sources */,
				092DC67227FB6F9C00A1B0D6 /* API.swift in Sources */,
				0946D78F27FF276B00F81F18 /* SettingsView.swift in Sources */,
				0900083527F35AFC00D5A746 /* PreviewData.swift in Sources */,
				09FE90E927FA48A9005C6AE3 /* Configuration.swift in Sources */,
				09A7A3F427F6642500E62123 /* RecipeView.swift in Sources */,
				09395F8C2800B77C00AACAA3 /* RecipeEdit.swift in Sources */,
				098BD2AB27FC85BD006D9C7B /* LoginViewModel.swift in Sources */,
				0900083B27F3A45800D5A746 /* RecipeListItem.swift in Sources */,
				09A0682B280974D10008563A /* URLCache+imageCache.swift in Sources */,
				091815FE27FDFF68003A2250 /* LoginView.swift in Sources */,
				09395F8A2800959F00AACAA3 /* RecipeDetailView.swift in Sources */,
				09395F882800953200AACAA3 /* RecipeEditView.swift in Sources */,
				0946D78D27FF265E00F81F18 /* SettingsHost.swift in Sources */,
				09A7A3EC27F64E5B00E62123 /* LoadingContent.swift in Sources */,
				095C1D612801B5FF0074AA70 /* Extensions.swift in Sources */,
				09AE246F27F31C9200BC6208 /* ZradelnikApp.swift in Sources */,
				0900083727F35B9A00D5A746 /* RecipeList.swift in Sources */,
				09A068222809562C0008563A /* Model.swift in Sources */,
				098BD2B027FC8A50006D9C7B /* RecipeIngredientListView.swift in Sources */,
				0960A1B228020D8700D339DC /* RecipeFormViewModel.swift in Sources */,
				0946D79327FF325300F81F18 /* Keychain.swift in Sources */,
			);
			runOnlyForDeploymentPostprocessing = 0;
		};
/* End PBXSourcesBuildPhase section */

/* Begin XCBuildConfiguration section */
		09AE247727F31C9300BC6208 /* Debug */ = {
			isa = XCBuildConfiguration;
			baseConfigurationReference = 09FE90E327FA4753005C6AE3 /* Development.xcconfig */;
			buildSettings = {
				ALWAYS_SEARCH_USER_PATHS = NO;
				CLANG_ANALYZER_NONNULL = YES;
				CLANG_ANALYZER_NUMBER_OBJECT_CONVERSION = YES_AGGRESSIVE;
				CLANG_CXX_LANGUAGE_STANDARD = "gnu++17";
				CLANG_ENABLE_MODULES = YES;
				CLANG_ENABLE_OBJC_ARC = YES;
				CLANG_ENABLE_OBJC_WEAK = YES;
				CLANG_WARN_BLOCK_CAPTURE_AUTORELEASING = YES;
				CLANG_WARN_BOOL_CONVERSION = YES;
				CLANG_WARN_COMMA = YES;
				CLANG_WARN_CONSTANT_CONVERSION = YES;
				CLANG_WARN_DEPRECATED_OBJC_IMPLEMENTATIONS = YES;
				CLANG_WARN_DIRECT_OBJC_ISA_USAGE = YES_ERROR;
				CLANG_WARN_DOCUMENTATION_COMMENTS = YES;
				CLANG_WARN_EMPTY_BODY = YES;
				CLANG_WARN_ENUM_CONVERSION = YES;
				CLANG_WARN_INFINITE_RECURSION = YES;
				CLANG_WARN_INT_CONVERSION = YES;
				CLANG_WARN_NON_LITERAL_NULL_CONVERSION = YES;
				CLANG_WARN_OBJC_IMPLICIT_RETAIN_SELF = YES;
				CLANG_WARN_OBJC_LITERAL_CONVERSION = YES;
				CLANG_WARN_OBJC_ROOT_CLASS = YES_ERROR;
				CLANG_WARN_QUOTED_INCLUDE_IN_FRAMEWORK_HEADER = YES;
				CLANG_WARN_RANGE_LOOP_ANALYSIS = YES;
				CLANG_WARN_STRICT_PROTOTYPES = YES;
				CLANG_WARN_SUSPICIOUS_MOVE = YES;
				CLANG_WARN_UNGUARDED_AVAILABILITY = YES_AGGRESSIVE;
				CLANG_WARN_UNREACHABLE_CODE = YES;
				CLANG_WARN__DUPLICATE_METHOD_MATCH = YES;
				CODE_SIGN_IDENTITY = "Apple Development";
				CODE_SIGN_STYLE = Automatic;
				COPY_PHASE_STRIP = NO;
				DEBUG_INFORMATION_FORMAT = dwarf;
				DEVELOPMENT_TEAM = LVQ73P9V59;
				ENABLE_STRICT_OBJC_MSGSEND = YES;
				ENABLE_TESTABILITY = YES;
				GCC_C_LANGUAGE_STANDARD = gnu11;
				GCC_DYNAMIC_NO_PIC = NO;
				GCC_NO_COMMON_BLOCKS = YES;
				GCC_OPTIMIZATION_LEVEL = 0;
				GCC_PREPROCESSOR_DEFINITIONS = (
					"DEBUG=1",
					"$(inherited)",
				);
				GCC_WARN_64_TO_32_BIT_CONVERSION = YES;
				GCC_WARN_ABOUT_RETURN_TYPE = YES_ERROR;
				GCC_WARN_UNDECLARED_SELECTOR = YES;
				GCC_WARN_UNINITIALIZED_AUTOS = YES_AGGRESSIVE;
				GCC_WARN_UNUSED_FUNCTION = YES;
				GCC_WARN_UNUSED_VARIABLE = YES;
				IPHONEOS_DEPLOYMENT_TARGET = 15.4;
				MTL_ENABLE_DEBUG_INFO = INCLUDE_SOURCE;
				MTL_FAST_MATH = YES;
				ONLY_ACTIVE_ARCH = YES;
				SDKROOT = iphoneos;
				SWIFT_ACTIVE_COMPILATION_CONDITIONS = DEBUG;
				SWIFT_OPTIMIZATION_LEVEL = "-Onone";
			};
			name = Debug;
		};
		09AE247827F31C9300BC6208 /* Release */ = {
			isa = XCBuildConfiguration;
			baseConfigurationReference = 09FE90E427FA47D6005C6AE3 /* Production.xcconfig */;
			buildSettings = {
				ALWAYS_SEARCH_USER_PATHS = NO;
				CLANG_ANALYZER_NONNULL = YES;
				CLANG_ANALYZER_NUMBER_OBJECT_CONVERSION = YES_AGGRESSIVE;
				CLANG_CXX_LANGUAGE_STANDARD = "gnu++17";
				CLANG_ENABLE_MODULES = YES;
				CLANG_ENABLE_OBJC_ARC = YES;
				CLANG_ENABLE_OBJC_WEAK = YES;
				CLANG_WARN_BLOCK_CAPTURE_AUTORELEASING = YES;
				CLANG_WARN_BOOL_CONVERSION = YES;
				CLANG_WARN_COMMA = YES;
				CLANG_WARN_CONSTANT_CONVERSION = YES;
				CLANG_WARN_DEPRECATED_OBJC_IMPLEMENTATIONS = YES;
				CLANG_WARN_DIRECT_OBJC_ISA_USAGE = YES_ERROR;
				CLANG_WARN_DOCUMENTATION_COMMENTS = YES;
				CLANG_WARN_EMPTY_BODY = YES;
				CLANG_WARN_ENUM_CONVERSION = YES;
				CLANG_WARN_INFINITE_RECURSION = YES;
				CLANG_WARN_INT_CONVERSION = YES;
				CLANG_WARN_NON_LITERAL_NULL_CONVERSION = YES;
				CLANG_WARN_OBJC_IMPLICIT_RETAIN_SELF = YES;
				CLANG_WARN_OBJC_LITERAL_CONVERSION = YES;
				CLANG_WARN_OBJC_ROOT_CLASS = YES_ERROR;
				CLANG_WARN_QUOTED_INCLUDE_IN_FRAMEWORK_HEADER = YES;
				CLANG_WARN_RANGE_LOOP_ANALYSIS = YES;
				CLANG_WARN_STRICT_PROTOTYPES = YES;
				CLANG_WARN_SUSPICIOUS_MOVE = YES;
				CLANG_WARN_UNGUARDED_AVAILABILITY = YES_AGGRESSIVE;
				CLANG_WARN_UNREACHABLE_CODE = YES;
				CLANG_WARN__DUPLICATE_METHOD_MATCH = YES;
				CODE_SIGN_IDENTITY = "Apple Development";
				CODE_SIGN_STYLE = Automatic;
				COPY_PHASE_STRIP = NO;
				DEBUG_INFORMATION_FORMAT = "dwarf-with-dsym";
				DEVELOPMENT_TEAM = LVQ73P9V59;
				ENABLE_NS_ASSERTIONS = NO;
				ENABLE_STRICT_OBJC_MSGSEND = YES;
				GCC_C_LANGUAGE_STANDARD = gnu11;
				GCC_NO_COMMON_BLOCKS = YES;
				GCC_WARN_64_TO_32_BIT_CONVERSION = YES;
				GCC_WARN_ABOUT_RETURN_TYPE = YES_ERROR;
				GCC_WARN_UNDECLARED_SELECTOR = YES;
				GCC_WARN_UNINITIALIZED_AUTOS = YES_AGGRESSIVE;
				GCC_WARN_UNUSED_FUNCTION = YES;
				GCC_WARN_UNUSED_VARIABLE = YES;
				IPHONEOS_DEPLOYMENT_TARGET = 15.4;
				MTL_ENABLE_DEBUG_INFO = NO;
				MTL_FAST_MATH = YES;
				SDKROOT = iphoneos;
				SWIFT_COMPILATION_MODE = wholemodule;
				SWIFT_OPTIMIZATION_LEVEL = "-O";
				VALIDATE_PRODUCT = YES;
			};
			name = Release;
		};
		09AE247A27F31C9300BC6208 /* Debug */ = {
			isa = XCBuildConfiguration;
			buildSettings = {
				ASSETCATALOG_COMPILER_APPICON_NAME = AppIcon;
				ASSETCATALOG_COMPILER_GLOBAL_ACCENT_COLOR_NAME = AccentColor;
				CODE_SIGN_IDENTITY = "Apple Development";
				CODE_SIGN_STYLE = Automatic;
				CURRENT_PROJECT_VERSION = 1;
				DEVELOPMENT_ASSET_PATHS = "\"Zradelnik/Preview Content\"";
				DEVELOPMENT_TEAM = LVQ73P9V59;
				ENABLE_PREVIEWS = YES;
				GENERATE_INFOPLIST_FILE = YES;
				INFOPLIST_FILE = Zradelnik/Info.plist;
				INFOPLIST_KEY_UIApplicationSceneManifest_Generation = YES;
				INFOPLIST_KEY_UIApplicationSupportsIndirectInputEvents = YES;
				INFOPLIST_KEY_UILaunchScreen_Generation = YES;
				INFOPLIST_KEY_UISupportedInterfaceOrientations_iPad = "UIInterfaceOrientationPortrait UIInterfaceOrientationPortraitUpsideDown UIInterfaceOrientationLandscapeLeft UIInterfaceOrientationLandscapeRight";
				INFOPLIST_KEY_UISupportedInterfaceOrientations_iPhone = "UIInterfaceOrientationPortrait UIInterfaceOrientationLandscapeLeft UIInterfaceOrientationLandscapeRight";
				LD_RUNPATH_SEARCH_PATHS = (
					"$(inherited)",
					"@executable_path/Frameworks",
				);
				MARKETING_VERSION = 1.0;
				PRODUCT_BUNDLE_IDENTIFIER = cz.jakubricar.Zradelnik;
				PRODUCT_NAME = "Žrádelník";
				SWIFT_EMIT_LOC_STRINGS = YES;
				SWIFT_VERSION = 5.0;
				TARGETED_DEVICE_FAMILY = "1,2";
			};
			name = Debug;
		};
		09AE247B27F31C9300BC6208 /* Release */ = {
			isa = XCBuildConfiguration;
			buildSettings = {
				ASSETCATALOG_COMPILER_APPICON_NAME = AppIcon;
				ASSETCATALOG_COMPILER_GLOBAL_ACCENT_COLOR_NAME = AccentColor;
				CODE_SIGN_IDENTITY = "Apple Development";
				CODE_SIGN_STYLE = Automatic;
				CURRENT_PROJECT_VERSION = 1;
				DEVELOPMENT_ASSET_PATHS = "\"Zradelnik/Preview Content\"";
				DEVELOPMENT_TEAM = LVQ73P9V59;
				ENABLE_PREVIEWS = YES;
				GENERATE_INFOPLIST_FILE = YES;
				INFOPLIST_FILE = Zradelnik/Info.plist;
				INFOPLIST_KEY_UIApplicationSceneManifest_Generation = YES;
				INFOPLIST_KEY_UIApplicationSupportsIndirectInputEvents = YES;
				INFOPLIST_KEY_UILaunchScreen_Generation = YES;
				INFOPLIST_KEY_UISupportedInterfaceOrientations_iPad = "UIInterfaceOrientationPortrait UIInterfaceOrientationPortraitUpsideDown UIInterfaceOrientationLandscapeLeft UIInterfaceOrientationLandscapeRight";
				INFOPLIST_KEY_UISupportedInterfaceOrientations_iPhone = "UIInterfaceOrientationPortrait UIInterfaceOrientationLandscapeLeft UIInterfaceOrientationLandscapeRight";
				LD_RUNPATH_SEARCH_PATHS = (
					"$(inherited)",
					"@executable_path/Frameworks",
				);
				MARKETING_VERSION = 1.0;
				PRODUCT_BUNDLE_IDENTIFIER = cz.jakubricar.Zradelnik;
				PRODUCT_NAME = "Žrádelník";
				SWIFT_EMIT_LOC_STRINGS = YES;
				SWIFT_VERSION = 5.0;
				TARGETED_DEVICE_FAMILY = "1,2";
			};
			name = Release;
		};
/* End XCBuildConfiguration section */

/* Begin XCConfigurationList section */
		09AE246627F31C9200BC6208 /* Build configuration list for PBXProject "Zradelnik" */ = {
			isa = XCConfigurationList;
			buildConfigurations = (
				09AE247727F31C9300BC6208 /* Debug */,
				09AE247827F31C9300BC6208 /* Release */,
			);
			defaultConfigurationIsVisible = 0;
			defaultConfigurationName = Release;
		};
		09AE247927F31C9300BC6208 /* Build configuration list for PBXNativeTarget "Zradelnik" */ = {
			isa = XCConfigurationList;
			buildConfigurations = (
				09AE247A27F31C9300BC6208 /* Debug */,
				09AE247B27F31C9300BC6208 /* Release */,
			);
			defaultConfigurationIsVisible = 0;
			defaultConfigurationName = Release;
		};
/* End XCConfigurationList section */

/* Begin XCRemoteSwiftPackageReference section */
		091815F827FDF836003A2250 /* XCRemoteSwiftPackageReference "KeychainAccess" */ = {
			isa = XCRemoteSwiftPackageReference;
			repositoryURL = "https://github.com/kishikawakatsumi/KeychainAccess.git";
			requirement = {
				kind = upToNextMajorVersion;
				minimumVersion = 4.2.2;
			};
		};
		0989F8E027F32CBA009CB6BD /* XCRemoteSwiftPackageReference "apollo-ios" */ = {
			isa = XCRemoteSwiftPackageReference;
			repositoryURL = "https://github.com/apollographql/apollo-ios.git";
			requirement = {
				kind = upToNextMinorVersion;
				minimumVersion = 0.51.2;
			};
		};
		09A06827280970A70008563A /* XCRemoteSwiftPackageReference "swiftui-cached-async-image" */ = {
			isa = XCRemoteSwiftPackageReference;
			repositoryURL = "https://github.com/lorenzofiamingo/swiftui-cached-async-image";
			requirement = {
				kind = upToNextMajorVersion;
				minimumVersion = 2.0.0;
			};
		};
		09DC1F9C27F9DED200F01BBC /* XCRemoteSwiftPackageReference "MarkdownUI" */ = {
			isa = XCRemoteSwiftPackageReference;
			repositoryURL = "https://github.com/gonzalezreal/MarkdownUI";
			requirement = {
				kind = upToNextMajorVersion;
				minimumVersion = 1.0.0;
			};
		};
/* End XCRemoteSwiftPackageReference section */

/* Begin XCSwiftPackageProductDependency section */
		091815F927FDF836003A2250 /* KeychainAccess */ = {
			isa = XCSwiftPackageProductDependency;
			package = 091815F827FDF836003A2250 /* XCRemoteSwiftPackageReference "KeychainAccess" */;
			productName = KeychainAccess;
		};
		0989F8E127F32CBA009CB6BD /* Apollo */ = {
			isa = XCSwiftPackageProductDependency;
			package = 0989F8E027F32CBA009CB6BD /* XCRemoteSwiftPackageReference "apollo-ios" */;
			productName = Apollo;
		};
		09A06828280970A70008563A /* CachedAsyncImage */ = {
			isa = XCSwiftPackageProductDependency;
			package = 09A06827280970A70008563A /* XCRemoteSwiftPackageReference "swiftui-cached-async-image" */;
			productName = CachedAsyncImage;
		};
		09DC1F9D27F9DED200F01BBC /* MarkdownUI */ = {
			isa = XCSwiftPackageProductDependency;
			package = 09DC1F9C27F9DED200F01BBC /* XCRemoteSwiftPackageReference "MarkdownUI" */;
			productName = MarkdownUI;
		};
		09FE90E027FA36BD005C6AE3 /* ApolloSQLite */ = {
			isa = XCSwiftPackageProductDependency;
			package = 0989F8E027F32CBA009CB6BD /* XCRemoteSwiftPackageReference "apollo-ios" */;
			productName = ApolloSQLite;
		};
/* End XCSwiftPackageProductDependency section */
	};
	rootObject = 09AE246327F31C9200BC6208 /* Project object */;
}
