{
  "object": {
    "pins": [
      {
        "package": "Apollo",
        "repositoryURL": "https://github.com/apollographql/apollo-ios.git",
        "state": {
          "branch": null,
          "revision": "29d42fb5b17a2c1823ec0750af8e628067e43b4c",
          "version": "1.0.1"
        }
      },
      {
        "package": "AttributedText",
        "repositoryURL": "https://github.com/gonzalezreal/AttributedText",
        "state": {
          "branch": null,
          "revision": "2dc2d7864e0fee4b524a5850d7d7cf9a7eeda0fc",
          "version": "1.0.0"
        }
      },
      {
        "package": "combine-schedulers",
        "repositoryURL": "https://github.com/pointfreeco/combine-schedulers",
        "state": {
          "branch": null,
          "revision": "aa3e575929f2bcc5bad012bd2575eae716cbcdf7",
          "version": "0.8.0"
        }
      },
      {
        "package": "InflectorKit",
        "repositoryURL": "https://github.com/mattt/InflectorKit",
        "state": {
          "branch": null,
          "revision": "d8cbcc04972690aaa5fc760a2b9ddb3e9f0decd7",
          "version": "1.0.0"
        }
      },
      {
        "package": "KeychainAccess",
        "repositoryURL": "https://github.com/kishikawakatsumi/KeychainAccess.git",
        "state": {
          "branch": null,
          "revision": "84e546727d66f1adc5439debad16270d0fdd04e7",
          "version": "4.2.2"
        }
      },
      {
        "package": "MarkdownUI",
        "repositoryURL": "https://github.com/gonzalezreal/MarkdownUI",
        "state": {
          "branch": null,
          "revision": "6a33c60ad430772d69ac5278e35474d6b3e5d30a",
          "version": "1.1.1"
        }
      },
      {
        "package": "NetworkImage",
        "repositoryURL": "https://github.com/gonzalezreal/NetworkImage",
        "state": {
          "branch": null,
          "revision": "c97f83e771c95186af80ef6118f158852a9e54be",
          "version": "4.0.1"
        }
      },
      {
        "package": "SQLite.swift",
        "repositoryURL": "https://github.com/stephencelis/SQLite.swift.git",
        "state": {
          "branch": null,
          "revision": "4d543d811ee644fa4cc4bfa0be996b4dd6ba0f54",
          "version": "0.13.3"
        }
      },
      {
        "package": "swift-argument-parser",
        "repositoryURL": "https://github.com/apple/swift-argument-parser.git",
        "state": {
          "branch": null,
          "revision": "9f39744e025c7d377987f30b03770805dcb0bcd1",
          "version": "1.1.4"
        }
      },
      {
        "package": "swift-collections",
        "repositoryURL": "https://github.com/apple/swift-collections",
        "state": {
          "branch": null,
          "revision": "f504716c27d2e5d4144fa4794b12129301d17729",
          "version": "1.0.3"
        }
      },
      {
        "package": "SwiftCommonMark",
        "repositoryURL": "https://github.com/gonzalezreal/SwiftCommonMark",
        "state": {
          "branch": null,
          "revision": "ed252beaddecce28ea6363f800c773d6169011b8",
          "version": "1.0.0"
        }
      },
      {
        "package": "swiftui-cached-async-image",
        "repositoryURL": "https://github.com/lorenzofiamingo/swiftui-cached-async-image",
        "state": {
          "branch": null,
          "revision": "467a3d17479887943ab917a379e62bbaff60ac8a",
          "version": "2.1.1"
        }
      },
      {
        "package": "xctest-dynamic-overlay",
        "repositoryURL": "https://github.com/pointfreeco/xctest-dynamic-overlay",
        "state": {
          "branch": null,
          "revision": "30314f1ece684dd60679d598a9b89107557b67d9",
          "version": "0.4.1"
        }
      }
    ]
  },
  "version": 1
}
